
Microsoft Visual Studio Solution File, Format Version 12.00
# Visual Studio 15
VisualStudioVersion = 15.0.26124.0
MinimumVisualStudioVersion = 15.0.26124.0
Project("{9A19103F-16F7-4668-BE54-9A1E7A4F7556}") = "R5T.Varinia.Base.Construction", "R5T.Varinia.Base.Construction\R5T.Varinia.Base.Construction.csproj", "{813BD63E-F983-4AA0-9048-6AA98004EE1C}"
EndProject
Project("{9A19103F-16F7-4668-BE54-9A1E7A4F7556}") = "R5T.Varinia.Base", "R5T.Varinia.Base\R5T.Varinia.Base.csproj", "{2060F165-33B0-4B68-85EA-BC395684BA53}"
EndProject
Project("{2150E333-8FDC-42A3-9474-1A3956D46DE8}") = "_Dependencies", "_Dependencies", "{511F255B-154F-4D90-9365-48598259AC3B}"
EndProject
Project("{9A19103F-16F7-4668-BE54-9A1E7A4F7556}") = "R5T.Corcyra", "..\..\R5T.Corcyra\source\R5T.Corcyra\R5T.Corcyra.csproj", "{704528C5-A004-4065-AB2D-0C8C34167164}"
EndProject
Project("{9A19103F-16F7-4668-BE54-9A1E7A4F7556}") = "R5T.Guide", "..\..\R5T.Guide\source\R5T.Guide\R5T.Guide.csproj", "{8F584694-8C86-4DB0-AF80-8F6A49EFD0D5}"
EndProject
Global
	GlobalSection(SolutionConfigurationPlatforms) = preSolution
		Debug|Any CPU = Debug|Any CPU
		Debug|x64 = Debug|x64
		Debug|x86 = Debug|x86
		Release|Any CPU = Release|Any CPU
		Release|x64 = Release|x64
		Release|x86 = Release|x86
	EndGlobalSection
	GlobalSection(ProjectConfigurationPlatforms) = postSolution
		{813BD63E-F983-4AA0-9048-6AA98004EE1C}.Debug|Any CPU.ActiveCfg = Debug|Any CPU
		{813BD63E-F983-4AA0-9048-6AA98004EE1C}.Debug|Any CPU.Build.0 = Debug|Any CPU
		{813BD63E-F983-4AA0-9048-6AA98004EE1C}.Debug|x64.ActiveCfg = Debug|Any CPU
		{813BD63E-F983-4AA0-9048-6AA98004EE1C}.Debug|x64.Build.0 = Debug|Any CPU
		{813BD63E-F983-4AA0-9048-6AA98004EE1C}.Debug|x86.ActiveCfg = Debug|Any CPU
		{813BD63E-F983-4AA0-9048-6AA98004EE1C}.Debug|x86.Build.0 = Debug|Any CPU
		{813BD63E-F983-4AA0-9048-6AA98004EE1C}.Release|Any CPU.ActiveCfg = Release|Any CPU
		{813BD63E-F983-4AA0-9048-6AA98004EE1C}.Release|Any CPU.Build.0 = Release|Any CPU
		{813BD63E-F983-4AA0-9048-6AA98004EE1C}.Release|x64.ActiveCfg = Release|Any CPU
		{813BD63E-F983-4AA0-9048-6AA98004EE1C}.Release|x64.Build.0 = Release|Any CPU
		{813BD63E-F983-4AA0-9048-6AA98004EE1C}.Release|x86.ActiveCfg = Release|Any CPU
		{813BD63E-F983-4AA0-9048-6AA98004EE1C}.Release|x86.Build.0 = Release|Any CPU
		{2060F165-33B0-4B68-85EA-BC395684BA53}.Debug|Any CPU.ActiveCfg = Debug|Any CPU
		{2060F165-33B0-4B68-85EA-BC395684BA53}.Debug|Any CPU.Build.0 = Debug|Any CPU
		{2060F165-33B0-4B68-85EA-BC395684BA53}.Debug|x64.ActiveCfg = Debug|Any CPU
		{2060F165-33B0-4B68-85EA-BC395684BA53}.Debug|x64.Build.0 = Debug|Any CPU
		{2060F165-33B0-4B68-85EA-BC395684BA53}.Debug|x86.ActiveCfg = Debug|Any CPU
		{2060F165-33B0-4B68-85EA-BC395684BA53}.Debug|x86.Build.0 = Debug|Any CPU
		{2060F165-33B0-4B68-85EA-BC395684BA53}.Release|Any CPU.ActiveCfg = Release|Any CPU
		{2060F165-33B0-4B68-85EA-BC395684BA53}.Release|Any CPU.Build.0 = Release|Any CPU
		{2060F165-33B0-4B68-85EA-BC395684BA53}.Release|x64.ActiveCfg = Release|Any CPU
		{2060F165-33B0-4B68-85EA-BC395684BA53}.Release|x64.Build.0 = Release|Any CPU
		{2060F165-33B0-4B68-85EA-BC395684BA53}.Release|x86.ActiveCfg = Release|Any CPU
		{2060F165-33B0-4B68-85EA-BC395684BA53}.Release|x86.Build.0 = Release|Any CPU
		{704528C5-A004-4065-AB2D-0C8C34167164}.Debug|Any CPU.ActiveCfg = Debug|Any CPU
		{704528C5-A004-4065-AB2D-0C8C34167164}.Debug|Any CPU.Build.0 = Debug|Any CPU
		{704528C5-A004-4065-AB2D-0C8C34167164}.Debug|x64.ActiveCfg = Debug|Any CPU
		{704528C5-A004-4065-AB2D-0C8C34167164}.Debug|x64.Build.0 = Debug|Any CPU
		{704528C5-A004-4065-AB2D-0C8C34167164}.Debug|x86.ActiveCfg = Debug|Any CPU
		{704528C5-A004-4065-AB2D-0C8C34167164}.Debug|x86.Build.0 = Debug|Any CPU
		{704528C5-A004-4065-AB2D-0C8C34167164}.Release|Any CPU.ActiveCfg = Release|Any CPU
		{704528C5-A004-4065-AB2D-0C8C34167164}.Release|Any CPU.Build.0 = Release|Any CPU
		{704528C5-A004-4065-AB2D-0C8C34167164}.Release|x64.ActiveCfg = Release|Any CPU
		{704528C5-A004-4065-AB2D-0C8C34167164}.Release|x64.Build.0 = Release|Any CPU
		{704528C5-A004-4065-AB2D-0C8C34167164}.Release|x86.ActiveCfg = Release|Any CPU
		{704528C5-A004-4065-AB2D-0C8C34167164}.Release|x86.Build.0 = Release|Any CPU
		{8F584694-8C86-4DB0-AF80-8F6A49EFD0D5}.Debug|Any CPU.ActiveCfg = Debug|Any CPU
		{8F584694-8C86-4DB0-AF80-8F6A49EFD0D5}.Debug|Any CPU.Build.0 = Debug|Any CPU
		{8F584694-8C86-4DB0-AF80-8F6A49EFD0D5}.Debug|x64.ActiveCfg = Debug|Any CPU
		{8F584694-8C86-4DB0-AF80-8F6A49EFD0D5}.Debug|x64.Build.0 = Debug|Any CPU
		{8F584694-8C86-4DB0-AF80-8F6A49EFD0D5}.Debug|x86.ActiveCfg = Debug|Any CPU
		{8F584694-8C86-4DB0-AF80-8F6A49EFD0D5}.Debug|x86.Build.0 = Debug|Any CPU
		{8F584694-8C86-4DB0-AF80-8F6A49EFD0D5}.Release|Any CPU.ActiveCfg = Release|Any CPU
		{8F584694-8C86-4DB0-AF80-8F6A49EFD0D5}.Release|Any CPU.Build.0 = Release|Any CPU
		{8F584694-8C86-4DB0-AF80-8F6A49EFD0D5}.Release|x64.ActiveCfg = Release|Any CPU
		{8F584694-8C86-4DB0-AF80-8F6A49EFD0D5}.Release|x64.Build.0 = Release|Any CPU
		{8F584694-8C86-4DB0-AF80-8F6A49EFD0D5}.Release|x86.ActiveCfg = Release|Any CPU
		{8F584694-8C86-4DB0-AF80-8F6A49EFD0D5}.Release|x86.Build.0 = Release|Any CPU
	EndGlobalSection
	GlobalSection(SolutionProperties) = preSolution
		HideSolutionNode = FALSE
	EndGlobalSection
	GlobalSection(NestedProjects) = preSolution
		{704528C5-A004-4065-AB2D-0C8C34167164} = {511F255B-154F-4D90-9365-48598259AC3B}
		{8F584694-8C86-4DB0-AF80-8F6A49EFD0D5} = {511F255B-154F-4D90-9365-48598259AC3B}
	EndGlobalSection
	GlobalSection(ExtensibilityGlobals) = postSolution
		SolutionGuid = {7948BFD5-43EF-45FF-8482-8D13A468C4AD}
	EndGlobalSection
EndGlobal
